
Microsoft Visual Studio Solution File, Format Version 12.00
# Visual Studio Version 17
VisualStudioVersion = 17.0.32014.148
MinimumVisualStudioVersion = 10.0.40219.1
Project("{9A19103F-16F7-4668-BE54-9A1E7A4F7556}") = "DataAccess", "DataAccess\DataAccess.csproj", "{D6E5343A-64F7-4BD7-8527-2751D8435DA2}"
EndProject
Project("{9A19103F-16F7-4668-BE54-9A1E7A4F7556}") = "Business", "Business\Business.csproj", "{CD33A438-0926-4310-BA90-00210DFC7B98}"
EndProject
Project("{9A19103F-16F7-4668-BE54-9A1E7A4F7556}") = "Entities", "Entities\Entities.csproj", "{D94B1A4A-94A7-4FA0-B4C5-070FA0591DA3}"
EndProject
Project("{9A19103F-16F7-4668-BE54-9A1E7A4F7556}") = "ConsoleUI", "ConsoleUI\ConsoleUI.csproj", "{F9CECAB1-FFD8-4EBB-8DAF-B6CB88F6F86B}"
EndProject
Project("{FAE04EC0-301F-11D3-BF4B-00C04F79EFBC}") = "Core", "Core\Core.csproj", "{91598633-B8F2-4CFD-BADA-BA09F974857D}"
EndProject
Global
	GlobalSection(SolutionConfigurationPlatforms) = preSolution
		Debug|Any CPU = Debug|Any CPU
		Release|Any CPU = Release|Any CPU
	EndGlobalSection
	GlobalSection(ProjectConfigurationPlatforms) = postSolution
		{D6E5343A-64F7-4BD7-8527-2751D8435DA2}.Debug|Any CPU.ActiveCfg = Debug|Any CPU
		{D6E5343A-64F7-4BD7-8527-2751D8435DA2}.Debug|Any CPU.Build.0 = Debug|Any CPU
		{D6E5343A-64F7-4BD7-8527-2751D8435DA2}.Release|Any CPU.ActiveCfg = Release|Any CPU
		{D6E5343A-64F7-4BD7-8527-2751D8435DA2}.Release|Any CPU.Build.0 = Release|Any CPU
		{CD33A438-0926-4310-BA90-00210DFC7B98}.Debug|Any CPU.ActiveCfg = Debug|Any CPU
		{CD33A438-0926-4310-BA90-00210DFC7B98}.Debug|Any CPU.Build.0 = Debug|Any CPU
		{CD33A438-0926-4310-BA90-00210DFC7B98}.Release|Any CPU.ActiveCfg = Release|Any CPU
		{CD33A438-0926-4310-BA90-00210DFC7B98}.Release|Any CPU.Build.0 = Release|Any CPU
		{D94B1A4A-94A7-4FA0-B4C5-070FA0591DA3}.Debug|Any CPU.ActiveCfg = Debug|Any CPU
		{D94B1A4A-94A7-4FA0-B4C5-070FA0591DA3}.Debug|Any CPU.Build.0 = Debug|Any CPU
		{D94B1A4A-94A7-4FA0-B4C5-070FA0591DA3}.Release|Any CPU.ActiveCfg = Release|Any CPU
		{D94B1A4A-94A7-4FA0-B4C5-070FA0591DA3}.Release|Any CPU.Build.0 = Release|Any CPU
		{F9CECAB1-FFD8-4EBB-8DAF-B6CB88F6F86B}.Debug|Any CPU.ActiveCfg = Debug|Any CPU
		{F9CECAB1-FFD8-4EBB-8DAF-B6CB88F6F86B}.Debug|Any CPU.Build.0 = Debug|Any CPU
		{F9CECAB1-FFD8-4EBB-8DAF-B6CB88F6F86B}.Release|Any CPU.ActiveCfg = Release|Any CPU
		{F9CECAB1-FFD8-4EBB-8DAF-B6CB88F6F86B}.Release|Any CPU.Build.0 = Release|Any CPU
		{91598633-B8F2-4CFD-BADA-BA09F974857D}.Debug|Any CPU.ActiveCfg = Debug|Any CPU
		{91598633-B8F2-4CFD-BADA-BA09F974857D}.Debug|Any CPU.Build.0 = Debug|Any CPU
		{91598633-B8F2-4CFD-BADA-BA09F974857D}.Release|Any CPU.ActiveCfg = Release|Any CPU
		{91598633-B8F2-4CFD-BADA-BA09F974857D}.Release|Any CPU.Build.0 = Release|Any CPU
	EndGlobalSection
	GlobalSection(SolutionProperties) = preSolution
		HideSolutionNode = FALSE
	EndGlobalSection
	GlobalSection(ExtensibilityGlobals) = postSolution
		SolutionGuid = {89DDDA7E-8EDD-4A59-A7DA-66B93350CDE1}
	EndGlobalSection
EndGlobal
